PODS:
  - adaptive_platform_ui (0.1.0):
    - Flutter
  - Adapty (3.15.3):
    - AdaptyLogger (= 3.15.3)
    - AdaptyUIBuilder (= 3.15.3)
  - adapty_flutter (3.15.3):
    - Adapty (= 3.15.3)
    - AdaptyPlugin (= 3.15.3)
    - AdaptyUI (= 3.15.3)
    - Flutter
  - AdaptyLogger (3.15.3)
  - AdaptyPlugin (3.15.3):
    - Adapty (= 3.15.3)
    - AdaptyLogger (= 3.15.3)
    - AdaptyUI (= 3.15.3)
    - AdaptyUIBuilder (= 3.15.3)
  - AdaptyUI (3.15.3):
    - Adapty (= 3.15.3)
    - AdaptyLogger (= 3.15.3)
    - AdaptyUIBuilder (= 3.15.3)
  - AdaptyUIBuilder (3.15.3):
    - AdaptyLogger (= 3.15.3)
  - app_tracking_transparency (0.0.1):
    - Flutter
  - Flutter (1.0.0)
  - flutter_native_splash (2.4.3):
    - Flutter
  - image_editor_common (1.0.0):
    - Flutter
  - image_picker_ios (0.0.1):
    - Flutter
  - in_app_review (2.0.0):
    - Flutter
  - ios_color_picker (0.0.1):
    - Flutter
  - lottie-ios (4.4.3)
  - lottie_native (0.0.1):
    - Flutter
    - lottie-ios (~> 4.4.3)
  - "no_screenshot (0.0.1+4)":
    - Flutter
    - ScreenProtectorKit (~> 1.3.1)
  - path_provider_foundation (0.0.1):
    - Flutter
    - FlutterMacOS
  - permission_handler_apple (9.3.0):
    - Flutter
  - photo_manager (3.8.3):
    - Flutter
    - FlutterMacOS
  - quick_actions_ios (0.0.1):
    - Flutter
  - ScreenProtectorKit (1.3.1)
  - share_plus (0.0.1):
    - Flutter
  - shared_preferences_foundation (0.0.1):
    - Flutter
    - FlutterMacOS
  - sqflite_darwin (0.0.4):
    - Flutter
    - FlutterMacOS
  - url_launcher_ios (0.0.1):
    - Flutter

DEPENDENCIES:
  - adaptive_platform_ui (from `.symlinks/plugins/adaptive_platform_ui/ios`)
  - adapty_flutter (from `.symlinks/plugins/adapty_flutter/ios`)
  - app_tracking_transparency (from `.symlinks/plugins/app_tracking_transparency/ios`)
  - Flutter (from `Flutter`)
  - flutter_native_splash (from `.symlinks/plugins/flutter_native_splash/ios`)
  - image_editor_common (from `.symlinks/plugins/image_editor_common/ios`)
  - image_picker_ios (from `.symlinks/plugins/image_picker_ios/ios`)
  - in_app_review (from `.symlinks/plugins/in_app_review/ios`)
  - ios_color_picker (from `.symlinks/plugins/ios_color_picker/ios`)
  - lottie_native (from `.symlinks/plugins/lottie_native/ios`)
  - no_screenshot (from `.symlinks/plugins/no_screenshot/ios`)
  - path_provider_foundation (from `.symlinks/plugins/path_provider_foundation/darwin`)
  - permission_handler_apple (from `.symlinks/plugins/permission_handler_apple/ios`)
  - photo_manager (from `.symlinks/plugins/photo_manager/darwin`)
  - quick_actions_ios (from `.symlinks/plugins/quick_actions_ios/ios`)
  - share_plus (from `.symlinks/plugins/share_plus/ios`)
  - shared_preferences_foundation (from `.symlinks/plugins/shared_preferences_foundation/darwin`)
  - sqflite_darwin (from `.symlinks/plugins/sqflite_darwin/darwin`)
  - url_launcher_ios (from `.symlinks/plugins/url_launcher_ios/ios`)

SPEC REPOS:
  trunk:
    - Adapty
    - AdaptyLogger
    - AdaptyPlugin
    - AdaptyUI
    - AdaptyUIBuilder
    - lottie-ios
    - ScreenProtectorKit

EXTERNAL SOURCES:
  adaptive_platform_ui:
    :path: ".symlinks/plugins/adaptive_platform_ui/ios"
  adapty_flutter:
    :path: ".symlinks/plugins/adapty_flutter/ios"
  app_tracking_transparency:
    :path: ".symlinks/plugins/app_tracking_transparency/ios"
  Flutter:
    :path: Flutter
  flutter_native_splash:
    :path: ".symlinks/plugins/flutter_native_splash/ios"
  image_editor_common:
    :path: ".symlinks/plugins/image_editor_common/ios"
  image_picker_ios:
    :path: ".symlinks/plugins/image_picker_ios/ios"
  in_app_review:
    :path: ".symlinks/plugins/in_app_review/ios"
  ios_color_picker:
    :path: ".symlinks/plugins/ios_color_picker/ios"
  lottie_native:
    :path: ".symlinks/plugins/lottie_native/ios"
  no_screenshot:
    :path: ".symlinks/plugins/no_screenshot/ios"
  path_provider_foundation:
    :path: ".symlinks/plugins/path_provider_foundation/darwin"
  permission_handler_apple:
    :path: ".symlinks/plugins/permission_handler_apple/ios"
  photo_manager:
    :path: ".symlinks/plugins/photo_manager/darwin"
  quick_actions_ios:
    :path: ".symlinks/plugins/quick_actions_ios/ios"
  share_plus:
    :path: ".symlinks/plugins/share_plus/ios"
  shared_preferences_foundation:
    :path: ".symlinks/plugins/shared_preferences_foundation/darwin"
  sqflite_darwin:
    :path: ".symlinks/plugins/sqflite_darwin/darwin"
  url_launcher_ios:
    :path: ".symlinks/plugins/url_launcher_ios/ios"

SPEC CHECKSUMS:
  adaptive_platform_ui: f54f620666d1797636f9ef06f49137ef2cc13611
  Adapty: 9d5c8378ddf71747e5182ae9dd3426b2a4dc274a
  adapty_flutter: ab36b0881c99caa05f4abc784817d21a62c702bc
  AdaptyLogger: 8a58745fe27ac991d2b2f05de57bfa9d932383ca
  AdaptyPlugin: d832e606563b2cc3e77dbc4ca23e64725a3b21c5
  AdaptyUI: 7b8515dade06d8a046826f024940c009bedb5f00
  AdaptyUIBuilder: e94ea218d936f58f13123fda19f3c13fba5cdb7d
  app_tracking_transparency: 3d84f147f67ca82d3c15355c36b1fa6b66ca7c92
  Flutter: cabc95a1d2626b1b06e7179b784ebcf0c0cde467
  flutter_native_splash: c32d145d68aeda5502d5f543ee38c192065986cf
  image_editor_common: 3de87e7c4804f4ae24c8f8a998362b98c105cac1
  image_picker_ios: e0ece4aa2a75771a7de3fa735d26d90817041326
  in_app_review: 7dd1ea365263f834b8464673f9df72c80c17c937
  ios_color_picker: 4b4a4d74640e9a310b5e3f8181dea8be86506dba
  lottie-ios: fcb5e73e17ba4c983140b7d21095c834b3087418
  lottie_native: 4f3a9ef106799160946396cf50746ad169211e23
  no_screenshot: 6d183496405a3ab709a67a54e5cd0f639e94729e
  path_provider_foundation: bb55f6dbba17d0dccd6737fe6f7f34fbd0376880
  permission_handler_apple: 4ed2196e43d0651e8ff7ca3483a069d469701f2d
  photo_manager: fe4cbb0808b96f8be4af7ce6ae18dcd9c9b983c6
  quick_actions_ios: 500fcc11711d9f646739093395c4ae8eec25f779
  ScreenProtectorKit: 83a6281b02c7a5902ee6eac4f5045f674e902ae4
  share_plus: 50da8cb520a8f0f65671c6c6a99b3617ed10a58a
  shared_preferences_foundation: 7036424c3d8ec98dfe75ff1667cb0cd531ec82bb
  sqflite_darwin: 20b2a3a3b70e43edae938624ce550a3cbf66a3d0
  url_launcher_ios: 7a95fa5b60cc718a708b8f2966718e93db0cef1b

PODFILE CHECKSUM: e30f02f9d1c72c47bb6344a0a748c9d268180865

COCOAPODS: 1.16.2
